Microsoft Visual Studio Solution File, Format Version 12.00
# Visual Studio 15
Project("{2150E333-8FDC-42A3-9474-1A3956D46DE8}") = "CMakePredefinedTargets", "CMakePredefinedTargets", "{9058636A-9D08-3D77-9D2E-32E125C5D11F}"
EndProject
Project("{2150E333-8FDC-42A3-9474-1A3956D46DE8}") = "GLFW3", "GLFW3", "{BA18F7E0-692B-3D66-9EB7-7C7673C39A01}"
EndProject
Project("{8BC9CEB8-8B4A-11D0-8D11-00A0C91BC942}") = "ALL_BUILD", "ALL_BUILD.vcxproj", "{AFA8C6FE-5CCC-38CD-9DFF-DB614586B30B}"
	ProjectSection(ProjectDependencies) = postProject
		{819FAD2F-62D5-3AE7-B91E-495FC66C9570} = {819FAD2F-62D5-3AE7-B91E-495FC66C9570}
		{EADE7E61-11D5-39E9-8BC3-CDFCADC21C26} = {EADE7E61-11D5-39E9-8BC3-CDFCADC21C26}
		{AF22B949-B9F8-3211-8E34-38E140016F18} = {AF22B949-B9F8-3211-8E34-38E140016F18}
		{F819017B-9DDA-3E29-B285-20C608151A1F} = {F819017B-9DDA-3E29-B285-20C608151A1F}
		{9FB21132-8221-375F-A723-0A9B3B3407D8} = {9FB21132-8221-375F-A723-0A9B3B3407D8}
		{E63E3E9B-1650-3D87-8E76-16B495DA833A} = {E63E3E9B-1650-3D87-8E76-16B495DA833A}
		{9D7872D2-44FB-3E21-921E-FA3273D5D880} = {9D7872D2-44FB-3E21-921E-FA3273D5D880}
		{BFAAA12E-74CA-3D2B-B7BA-F3B41759E919} = {BFAAA12E-74CA-3D2B-B7BA-F3B41759E919}
		{F951EC0E-031D-3E91-8E6A-A42786E7B0CE} = {F951EC0E-031D-3E91-8E6A-A42786E7B0CE}
		{27DE60C8-287D-3EAB-A942-FB23966B4888} = {27DE60C8-287D-3EAB-A942-FB23966B4888}
		{119C7F92-91C4-3238-8715-936B08C1E7BB} = {119C7F92-91C4-3238-8715-936B08C1E7BB}
		{4A60C06C-40BC-30B5-AF02-39702376ED78} = {4A60C06C-40BC-30B5-AF02-39702376ED78}
		{739FD0CB-14C7-3332-BF85-638F5C019778} = {739FD0CB-14C7-3332-BF85-638F5C019778}
		{DB8281AE-5F2C-3F50-8193-6F24242C4923} = {DB8281AE-5F2C-3F50-8193-6F24242C4923}
		{6D56ACA5-752F-343D-AD02-E95231819052} = {6D56ACA5-752F-343D-AD02-E95231819052}
		{A0229EA8-CB2B-349B-9072-6CE750F1F70E} = {A0229EA8-CB2B-349B-9072-6CE750F1F70E}
		{149B61C8-CD19-37FC-B9D3-D0BBBBECDF7C} = {149B61C8-CD19-37FC-B9D3-D0BBBBECDF7C}
		{9F9E0F51-BDA2-3382-BF70-1D88E3A11692} = {9F9E0F51-BDA2-3382-BF70-1D88E3A11692}
		{9CEEE149-49AB-3AA1-A0DC-C08921CEE800} = {9CEEE149-49AB-3AA1-A0DC-C08921CEE800}
		{7A0FACE3-0DF8-34D7-B4A4-02053A8E5FC3} = {7A0FACE3-0DF8-34D7-B4A4-02053A8E5FC3}
		{2AA6ECA2-EB12-3147-B330-69B085AA1758} = {2AA6ECA2-EB12-3147-B330-69B085AA1758}
		{5A9AB20E-8F19-35AA-830F-F506EE80DB10} = {5A9AB20E-8F19-35AA-830F-F506EE80DB10}
		{37673018-97CB-3957-AC02-1001805872FC} = {37673018-97CB-3957-AC02-1001805872FC}
		{38A679DA-550D-3CC6-87DA-799D1B923753} = {38A679DA-550D-3CC6-87DA-799D1B923753}
		{F5CC1D7D-3D73-3D8C-96B0-2A28724E37F6} = {F5CC1D7D-3D73-3D8C-96B0-2A28724E37F6}
		{30F613DD-B892-317F-ADA1-0B747C911FC1} = {30F613DD-B892-317F-ADA1-0B747C911FC1}
		{A0C97740-FBD3-3088-9FB5-A6631E1B74AB} = {A0C97740-FBD3-3088-9FB5-A6631E1B74AB}
		{EA28A60E-62D6-3A9F-BFC6-0BAC6ED3B19E} = {EA28A60E-62D6-3A9F-BFC6-0BAC6ED3B19E}
		{BBD7F500-37EE-33C6-987C-27382CA76FDD} = {BBD7F500-37EE-33C6-987C-27382CA76FDD}
		{DFF380BD-FBAF-3CE5-BBA6-6B6F28D59263} = {DFF380BD-FBAF-3CE5-BBA6-6B6F28D59263}
		{CA4961C1-BF66-3765-A294-66A16BE4D582} = {CA4961C1-BF66-3765-A294-66A16BE4D582}
		{A0C2F849-EAA0-3887-8863-5451D8B8DEFF} = {A0C2F849-EAA0-3887-8863-5451D8B8DEFF}
		{21E6B54F-FE0A-3AE2-9D74-6F7A7F7A40D9} = {21E6B54F-FE0A-3AE2-9D74-6F7A7F7A40D9}
		{5ADFCB31-6A09-3380-BB7F-D37A21623987} = {5ADFCB31-6A09-3380-BB7F-D37A21623987}
		{007B711F-925F-33C0-AFBF-689807AE1ECD} = {007B711F-925F-33C0-AFBF-689807AE1ECD}
		{45FD057E-467E-3F62-8724-29B63F34D5F5} = {45FD057E-467E-3F62-8724-29B63F34D5F5}
	EndProjectSection
EndProject
Project("{8BC9CEB8-8B4A-11D0-8D11-00A0C91BC942}") = "ANTTWEAKBAR_116_OGLCORE_GLFW", "external\ANTTWEAKBAR_116_OGLCORE_GLFW.vcxproj", "{819FAD2F-62D5-3AE7-B91E-495FC66C9570}"
	ProjectSection(ProjectDependencies) = postProject
		{9D7872D2-44FB-3E21-921E-FA3273D5D880} = {9D7872D2-44FB-3E21-921E-FA3273D5D880}
	EndProjectSection
EndProject
Project("{8BC9CEB8-8B4A-11D0-8D11-00A0C91BC942}") = "BulletCollision", "external\bullet-2.81-rev2613\src\BulletCollision\BulletCollision.vcxproj", "{EADE7E61-11D5-39E9-8BC3-CDFCADC21C26}"
	ProjectSection(ProjectDependencies) = postProject
		{9D7872D2-44FB-3E21-921E-FA3273D5D880} = {9D7872D2-44FB-3E21-921E-FA3273D5D880}
	EndProjectSection
EndProject
Project("{8BC9CEB8-8B4A-11D0-8D11-00A0C91BC942}") = "BulletDynamics", "external\bullet-2.81-rev2613\src\BulletDynamics\BulletDynamics.vcxproj", "{AF22B949-B9F8-3211-8E34-38E140016F18}"
	ProjectSection(ProjectDependencies) = postProject
		{9D7872D2-44FB-3E21-921E-FA3273D5D880} = {9D7872D2-44FB-3E21-921E-FA3273D5D880}
	EndProjectSection
EndProject
Project("{8BC9CEB8-8B4A-11D0-8D11-00A0C91BC942}") = "BulletSoftBody", "external\bullet-2.81-rev2613\src\BulletSoftBody\BulletSoftBody.vcxproj", "{F819017B-9DDA-3E29-B285-20C608151A1F}"
	ProjectSection(ProjectDependencies) = postProject
		{9D7872D2-44FB-3E21-921E-FA3273D5D880} = {9D7872D2-44FB-3E21-921E-FA3273D5D880}
	EndProjectSection
EndProject
Project("{8BC9CEB8-8B4A-11D0-8D11-00A0C91BC942}") = "GLEW_1130", "external\GLEW_1130.vcxproj", "{9FB21132-8221-375F-A723-0A9B3B3407D8}"
	ProjectSection(ProjectDependencies) = postProject
		{9D7872D2-44FB-3E21-921E-FA3273D5D880} = {9D7872D2-44FB-3E21-921E-FA3273D5D880}
	EndProjectSection
EndProject
Project("{8BC9CEB8-8B4A-11D0-8D11-00A0C91BC942}") = "INSTALL", "INSTALL.vcxproj", "{8A2DEE31-A691-3213-8C94-E11D85A6519F}"
	ProjectSection(ProjectDependencies) = postProject
		{AFA8C6FE-5CCC-38CD-9DFF-DB614586B30B} = {AFA8C6FE-5CCC-38CD-9DFF-DB614586B30B}
		{9D7872D2-44FB-3E21-921E-FA3273D5D880} = {9D7872D2-44FB-3E21-921E-FA3273D5D880}
	EndProjectSection
EndProject
Project("{8BC9CEB8-8B4A-11D0-8D11-00A0C91BC942}") = "LinearMath", "external\bullet-2.81-rev2613\src\LinearMath\LinearMath.vcxproj", "{E63E3E9B-1650-3D87-8E76-16B495DA833A}"
	ProjectSection(ProjectDependencies) = postProject
		{9D7872D2-44FB-3E21-921E-FA3273D5D880} = {9D7872D2-44FB-3E21-921E-FA3273D5D880}
	EndProjectSection
EndProject
Project("{8BC9CEB8-8B4A-11D0-8D11-00A0C91BC942}") = "ZERO_CHECK", "ZERO_CHECK.vcxproj", "{9D7872D2-44FB-3E21-921E-FA3273D5D880}"
	ProjectSection(ProjectDependencies) = postProject
	EndProjectSection
EndProject
Project("{8BC9CEB8-8B4A-11D0-8D11-00A0C91BC942}") = "assimp", "external\assimp-3.0.1270\code\assimp.vcxproj", "{BFAAA12E-74CA-3D2B-B7BA-F3B41759E919}"
	ProjectSection(ProjectDependencies) = postProject
		{9D7872D2-44FB-3E21-921E-FA3273D5D880} = {9D7872D2-44FB-3E21-921E-FA3273D5D880}
		{45FD057E-467E-3F62-8724-29B63F34D5F5} = {45FD057E-467E-3F62-8724-29B63F34D5F5}
	EndProjectSection
EndProject
Project("{8BC9CEB8-8B4A-11D0-8D11-00A0C91BC942}") = "glfw", "external\glfw-3.1.2\src\glfw.vcxproj", "{F951EC0E-031D-3E91-8E6A-A42786E7B0CE}"
	ProjectSection(ProjectDependencies) = postProject
		{9D7872D2-44FB-3E21-921E-FA3273D5D880} = {9D7872D2-44FB-3E21-921E-FA3273D5D880}
	EndProjectSection
EndProject
Project("{8BC9CEB8-8B4A-11D0-8D11-00A0C91BC942}") = "misc05_picking_BulletPhysics", "misc05_picking_BulletPhysics.vcxproj", "{27DE60C8-287D-3EAB-A942-FB23966B4888}"
	ProjectSection(ProjectDependencies) = postProject
		{819FAD2F-62D5-3AE7-B91E-495FC66C9570} = {819FAD2F-62D5-3AE7-B91E-495FC66C9570}
		{EADE7E61-11D5-39E9-8BC3-CDFCADC21C26} = {EADE7E61-11D5-39E9-8BC3-CDFCADC21C26}
		{AF22B949-B9F8-3211-8E34-38E140016F18} = {AF22B949-B9F8-3211-8E34-38E140016F18}
		{9FB21132-8221-375F-A723-0A9B3B3407D8} = {9FB21132-8221-375F-A723-0A9B3B3407D8}
		{E63E3E9B-1650-3D87-8E76-16B495DA833A} = {E63E3E9B-1650-3D87-8E76-16B495DA833A}
		{9D7872D2-44FB-3E21-921E-FA3273D5D880} = {9D7872D2-44FB-3E21-921E-FA3273D5D880}
		{F951EC0E-031D-3E91-8E6A-A42786E7B0CE} = {F951EC0E-031D-3E91-8E6A-A42786E7B0CE}
	EndProjectSection
EndProject
Project("{8BC9CEB8-8B4A-11D0-8D11-00A0C91BC942}") = "misc05_picking_custom", "misc05_picking_custom.vcxproj", "{119C7F92-91C4-3238-8715-936B08C1E7BB}"
	ProjectSection(ProjectDependencies) = postProject
		{819FAD2F-62D5-3AE7-B91E-495FC66C9570} = {819FAD2F-62D5-3AE7-B91E-495FC66C9570}
		{9FB21132-8221-375F-A723-0A9B3B3407D8} = {9FB21132-8221-375F-A723-0A9B3B3407D8}
		{9D7872D2-44FB-3E21-921E-FA3273D5D880} = {9D7872D2-44FB-3E21-921E-FA3273D5D880}
		{F951EC0E-031D-3E91-8E6A-A42786E7B0CE} = {F951EC0E-031D-3E91-8E6A-A42786E7B0CE}
	EndProjectSection
EndProject
Project("{8BC9CEB8-8B4A-11D0-8D11-00A0C91BC942}") = "misc05_picking_slow_easy", "misc05_picking_slow_easy.vcxproj", "{4A60C06C-40BC-30B5-AF02-39702376ED78}"
	ProjectSection(ProjectDependencies) = postProject
		{819FAD2F-62D5-3AE7-B91E-495FC66C9570} = {819FAD2F-62D5-3AE7-B91E-495FC66C9570}
		{9FB21132-8221-375F-A723-0A9B3B3407D8} = {9FB21132-8221-375F-A723-0A9B3B3407D8}
		{9D7872D2-44FB-3E21-921E-FA3273D5D880} = {9D7872D2-44FB-3E21-921E-FA3273D5D880}
		{F951EC0E-031D-3E91-8E6A-A42786E7B0CE} = {F951EC0E-031D-3E91-8E6A-A42786E7B0CE}
	EndProjectSection
EndProject
Project("{8BC9CEB8-8B4A-11D0-8D11-00A0C91BC942}") = "playground", "playground.vcxproj", "{739FD0CB-14C7-3332-BF85-638F5C019778}"
	ProjectSection(ProjectDependencies) = postProject
		{9FB21132-8221-375F-A723-0A9B3B3407D8} = {9FB21132-8221-375F-A723-0A9B3B3407D8}
		{9D7872D2-44FB-3E21-921E-FA3273D5D880} = {9D7872D2-44FB-3E21-921E-FA3273D5D880}
		{F951EC0E-031D-3E91-8E6A-A42786E7B0CE} = {F951EC0E-031D-3E91-8E6A-A42786E7B0CE}
	EndProjectSection
EndProject
Project("{8BC9CEB8-8B4A-11D0-8D11-00A0C91BC942}") = "tutorial01_first_window", "tutorial01_first_window.vcxproj", "{DB8281AE-5F2C-3F50-8193-6F24242C4923}"
	ProjectSection(ProjectDependencies) = postProject
		{9FB21132-8221-375F-A723-0A9B3B3407D8} = {9FB21132-8221-375F-A723-0A9B3B3407D8}
		{9D7872D2-44FB-3E21-921E-FA3273D5D880} = {9D7872D2-44FB-3E21-921E-FA3273D5D880}
		{F951EC0E-031D-3E91-8E6A-A42786E7B0CE} = {F951EC0E-031D-3E91-8E6A-A42786E7B0CE}
	EndProjectSection
EndProject
Project("{8BC9CEB8-8B4A-11D0-8D11-00A0C91BC942}") = "tutorial02_red_triangle", "tutorial02_red_triangle.vcxproj", "{6D56ACA5-752F-343D-AD02-E95231819052}"
	ProjectSection(ProjectDependencies) = postProject
		{9FB21132-8221-375F-A723-0A9B3B3407D8} = {9FB21132-8221-375F-A723-0A9B3B3407D8}
		{9D7872D2-44FB-3E21-921E-FA3273D5D880} = {9D7872D2-44FB-3E21-921E-FA3273D5D880}
		{F951EC0E-031D-3E91-8E6A-A42786E7B0CE} = {F951EC0E-031D-3E91-8E6A-A42786E7B0CE}
	EndProjectSection
EndProject
Project("{8BC9CEB8-8B4A-11D0-8D11-00A0C91BC942}") = "tutorial03_matrices", "tutorial03_matrices.vcxproj", "{A0229EA8-CB2B-349B-9072-6CE750F1F70E}"
	ProjectSection(ProjectDependencies) = postProject
		{9FB21132-8221-375F-A723-0A9B3B3407D8} = {9FB21132-8221-375F-A723-0A9B3B3407D8}
		{9D7872D2-44FB-3E21-921E-FA3273D5D880} = {9D7872D2-44FB-3E21-921E-FA3273D5D880}
		{F951EC0E-031D-3E91-8E6A-A42786E7B0CE} = {F951EC0E-031D-3E91-8E6A-A42786E7B0CE}
	EndProjectSection
EndProject
Project("{8BC9CEB8-8B4A-11D0-8D11-00A0C91BC942}") = "tutorial04_colored_cube", "tutorial04_colored_cube.vcxproj", "{149B61C8-CD19-37FC-B9D3-D0BBBBECDF7C}"
	ProjectSection(ProjectDependencies) = postProject
		{9FB21132-8221-375F-A723-0A9B3B3407D8} = {9FB21132-8221-375F-A723-0A9B3B3407D8}
		{9D7872D2-44FB-3E21-921E-FA3273D5D880} = {9D7872D2-44FB-3E21-921E-FA3273D5D880}
		{F951EC0E-031D-3E91-8E6A-A42786E7B0CE} = {F951EC0E-031D-3E91-8E6A-A42786E7B0CE}
	EndProjectSection
EndProject
Project("{8BC9CEB8-8B4A-11D0-8D11-00A0C91BC942}") = "tutorial05_textured_cube", "tutorial05_textured_cube.vcxproj", "{9F9E0F51-BDA2-3382-BF70-1D88E3A11692}"
	ProjectSection(ProjectDependencies) = postProject
		{9FB21132-8221-375F-A723-0A9B3B3407D8} = {9FB21132-8221-375F-A723-0A9B3B3407D8}
		{9D7872D2-44FB-3E21-921E-FA3273D5D880} = {9D7872D2-44FB-3E21-921E-FA3273D5D880}
		{F951EC0E-031D-3E91-8E6A-A42786E7B0CE} = {F951EC0E-031D-3E91-8E6A-A42786E7B0CE}
	EndProjectSection
EndProject
Project("{8BC9CEB8-8B4A-11D0-8D11-00A0C91BC942}") = "tutorial06_keyboard_and_mouse", "tutorial06_keyboard_and_mouse.vcxproj", "{9CEEE149-49AB-3AA1-A0DC-C08921CEE800}"
	ProjectSection(ProjectDependencies) = postProject
		{9FB21132-8221-375F-A723-0A9B3B3407D8} = {9FB21132-8221-375F-A723-0A9B3B3407D8}
		{9D7872D2-44FB-3E21-921E-FA3273D5D880} = {9D7872D2-44FB-3E21-921E-FA3273D5D880}
		{F951EC0E-031D-3E91-8E6A-A42786E7B0CE} = {F951EC0E-031D-3E91-8E6A-A42786E7B0CE}
	EndProjectSection
EndProject
Project("{8BC9CEB8-8B4A-11D0-8D11-00A0C91BC942}") = "tutorial07_model_loading", "tutorial07_model_loading.vcxproj", "{7A0FACE3-0DF8-34D7-B4A4-02053A8E5FC3}"
	ProjectSection(ProjectDependencies) = postProject
		{9FB21132-8221-375F-A723-0A9B3B3407D8} = {9FB21132-8221-375F-A723-0A9B3B3407D8}
		{9D7872D2-44FB-3E21-921E-FA3273D5D880} = {9D7872D2-44FB-3E21-921E-FA3273D5D880}
		{F951EC0E-031D-3E91-8E6A-A42786E7B0CE} = {F951EC0E-031D-3E91-8E6A-A42786E7B0CE}
	EndProjectSection
EndProject
Project("{8BC9CEB8-8B4A-11D0-8D11-00A0C91BC942}") = "tutorial08_basic_shading", "tutorial08_basic_shading.vcxproj", "{2AA6ECA2-EB12-3147-B330-69B085AA1758}"
	ProjectSection(ProjectDependencies) = postProject
		{9FB21132-8221-375F-A723-0A9B3B3407D8} = {9FB21132-8221-375F-A723-0A9B3B3407D8}
		{9D7872D2-44FB-3E21-921E-FA3273D5D880} = {9D7872D2-44FB-3E21-921E-FA3273D5D880}
		{F951EC0E-031D-3E91-8E6A-A42786E7B0CE} = {F951EC0E-031D-3E91-8E6A-A42786E7B0CE}
	EndProjectSection
EndProject
Project("{8BC9CEB8-8B4A-11D0-8D11-00A0C91BC942}") = "tutorial09_AssImp", "tutorial09_AssImp.vcxproj", "{5A9AB20E-8F19-35AA-830F-F506EE80DB10}"
	ProjectSection(ProjectDependencies) = postProject
		{9FB21132-8221-375F-A723-0A9B3B3407D8} = {9FB21132-8221-375F-A723-0A9B3B3407D8}
		{9D7872D2-44FB-3E21-921E-FA3273D5D880} = {9D7872D2-44FB-3E21-921E-FA3273D5D880}
		{BFAAA12E-74CA-3D2B-B7BA-F3B41759E919} = {BFAAA12E-74CA-3D2B-B7BA-F3B41759E919}
		{F951EC0E-031D-3E91-8E6A-A42786E7B0CE} = {F951EC0E-031D-3E91-8E6A-A42786E7B0CE}
		{45FD057E-467E-3F62-8724-29B63F34D5F5} = {45FD057E-467E-3F62-8724-29B63F34D5F5}
	EndProjectSection
EndProject
Project("{8BC9CEB8-8B4A-11D0-8D11-00A0C91BC942}") = "tutorial09_several_objects", "tutorial09_several_objects.vcxproj", "{37673018-97CB-3957-AC02-1001805872FC}"
	ProjectSection(ProjectDependencies) = postProject
		{9FB21132-8221-375F-A723-0A9B3B3407D8} = {9FB21132-8221-375F-A723-0A9B3B3407D8}
		{9D7872D2-44FB-3E21-921E-FA3273D5D880} = {9D7872D2-44FB-3E21-921E-FA3273D5D880}
		{F951EC0E-031D-3E91-8E6A-A42786E7B0CE} = {F951EC0E-031D-3E91-8E6A-A42786E7B0CE}
	EndProjectSection
EndProject
Project("{8BC9CEB8-8B4A-11D0-8D11-00A0C91BC942}") = "tutorial09_vbo_indexing", "tutorial09_vbo_indexing.vcxproj", "{38A679DA-550D-3CC6-87DA-799D1B923753}"
	ProjectSection(ProjectDependencies) = postProject
		{9FB21132-8221-375F-A723-0A9B3B3407D8} = {9FB21132-8221-375F-A723-0A9B3B3407D8}
		{9D7872D2-44FB-3E21-921E-FA3273D5D880} = {9D7872D2-44FB-3E21-921E-FA3273D5D880}
		{F951EC0E-031D-3E91-8E6A-A42786E7B0CE} = {F951EC0E-031D-3E91-8E6A-A42786E7B0CE}
	EndProjectSection
EndProject
Project("{8BC9CEB8-8B4A-11D0-8D11-00A0C91BC942}") = "tutorial10_transparency", "tutorial10_transparency.vcxproj", "{F5CC1D7D-3D73-3D8C-96B0-2A28724E37F6}"
	ProjectSection(ProjectDependencies) = postProject
		{9FB21132-8221-375F-A723-0A9B3B3407D8} = {9FB21132-8221-375F-A723-0A9B3B3407D8}
		{9D7872D2-44FB-3E21-921E-FA3273D5D880} = {9D7872D2-44FB-3E21-921E-FA3273D5D880}
		{F951EC0E-031D-3E91-8E6A-A42786E7B0CE} = {F951EC0E-031D-3E91-8E6A-A42786E7B0CE}
	EndProjectSection
EndProject
Project("{8BC9CEB8-8B4A-11D0-8D11-00A0C91BC942}") = "tutorial11_2d_fonts", "tutorial11_2d_fonts.vcxproj", "{30F613DD-B892-317F-ADA1-0B747C911FC1}"
	ProjectSection(ProjectDependencies) = postProject
		{9FB21132-8221-375F-A723-0A9B3B3407D8} = {9FB21132-8221-375F-A723-0A9B3B3407D8}
		{9D7872D2-44FB-3E21-921E-FA3273D5D880} = {9D7872D2-44FB-3E21-921E-FA3273D5D880}
		{F951EC0E-031D-3E91-8E6A-A42786E7B0CE} = {F951EC0E-031D-3E91-8E6A-A42786E7B0CE}
	EndProjectSection
EndProject
Project("{8BC9CEB8-8B4A-11D0-8D11-00A0C91BC942}") = "tutorial12_extensions", "tutorial12_extensions.vcxproj", "{A0C97740-FBD3-3088-9FB5-A6631E1B74AB}"
	ProjectSection(ProjectDependencies) = postProject
		{9FB21132-8221-375F-A723-0A9B3B3407D8} = {9FB21132-8221-375F-A723-0A9B3B3407D8}
		{9D7872D2-44FB-3E21-921E-FA3273D5D880} = {9D7872D2-44FB-3E21-921E-FA3273D5D880}
		{F951EC0E-031D-3E91-8E6A-A42786E7B0CE} = {F951EC0E-031D-3E91-8E6A-A42786E7B0CE}
	EndProjectSection
EndProject
Project("{8BC9CEB8-8B4A-11D0-8D11-00A0C91BC942}") = "tutorial13_normal_mapping", "tutorial13_normal_mapping.vcxproj", "{EA28A60E-62D6-3A9F-BFC6-0BAC6ED3B19E}"
	ProjectSection(ProjectDependencies) = postProject
		{9FB21132-8221-375F-A723-0A9B3B3407D8} = {9FB21132-8221-375F-A723-0A9B3B3407D8}
		{9D7872D2-44FB-3E21-921E-FA3273D5D880} = {9D7872D2-44FB-3E21-921E-FA3273D5D880}
		{F951EC0E-031D-3E91-8E6A-A42786E7B0CE} = {F951EC0E-031D-3E91-8E6A-A42786E7B0CE}
	EndProjectSection
EndProject
Project("{8BC9CEB8-8B4A-11D0-8D11-00A0C91BC942}") = "tutorial14_render_to_texture", "tutorial14_render_to_texture.vcxproj", "{BBD7F500-37EE-33C6-987C-27382CA76FDD}"
	ProjectSection(ProjectDependencies) = postProject
		{9FB21132-8221-375F-A723-0A9B3B3407D8} = {9FB21132-8221-375F-A723-0A9B3B3407D8}
		{9D7872D2-44FB-3E21-921E-FA3273D5D880} = {9D7872D2-44FB-3E21-921E-FA3273D5D880}
		{F951EC0E-031D-3E91-8E6A-A42786E7B0CE} = {F951EC0E-031D-3E91-8E6A-A42786E7B0CE}
	EndProjectSection
EndProject
Project("{8BC9CEB8-8B4A-11D0-8D11-00A0C91BC942}") = "tutorial15_lightmaps", "tutorial15_lightmaps.vcxproj", "{DFF380BD-FBAF-3CE5-BBA6-6B6F28D59263}"
	ProjectSection(ProjectDependencies) = postProject
		{9FB21132-8221-375F-A723-0A9B3B3407D8} = {9FB21132-8221-375F-A723-0A9B3B3407D8}
		{9D7872D2-44FB-3E21-921E-FA3273D5D880} = {9D7872D2-44FB-3E21-921E-FA3273D5D880}
		{F951EC0E-031D-3E91-8E6A-A42786E7B0CE} = {F951EC0E-031D-3E91-8E6A-A42786E7B0CE}
	EndProjectSection
EndProject
Project("{8BC9CEB8-8B4A-11D0-8D11-00A0C91BC942}") = "tutorial16_shadowmaps", "tutorial16_shadowmaps.vcxproj", "{CA4961C1-BF66-3765-A294-66A16BE4D582}"
	ProjectSection(ProjectDependencies) = postProject
		{9FB21132-8221-375F-A723-0A9B3B3407D8} = {9FB21132-8221-375F-A723-0A9B3B3407D8}
		{9D7872D2-44FB-3E21-921E-FA3273D5D880} = {9D7872D2-44FB-3E21-921E-FA3273D5D880}
		{F951EC0E-031D-3E91-8E6A-A42786E7B0CE} = {F951EC0E-031D-3E91-8E6A-A42786E7B0CE}
	EndProjectSection
EndProject
Project("{8BC9CEB8-8B4A-11D0-8D11-00A0C91BC942}") = "tutorial16_shadowmaps_simple", "tutorial16_shadowmaps_simple.vcxproj", "{A0C2F849-EAA0-3887-8863-5451D8B8DEFF}"
	ProjectSection(ProjectDependencies) = postProject
		{9FB21132-8221-375F-A723-0A9B3B3407D8} = {9FB21132-8221-375F-A723-0A9B3B3407D8}
		{9D7872D2-44FB-3E21-921E-FA3273D5D880} = {9D7872D2-44FB-3E21-921E-FA3273D5D880}
		{F951EC0E-031D-3E91-8E6A-A42786E7B0CE} = {F951EC0E-031D-3E91-8E6A-A42786E7B0CE}
	EndProjectSection
EndProject
Project("{8BC9CEB8-8B4A-11D0-8D11-00A0C91BC942}") = "tutorial17_rotations", "tutorial17_rotations.vcxproj", "{21E6B54F-FE0A-3AE2-9D74-6F7A7F7A40D9}"
	ProjectSection(ProjectDependencies) = postProject
		{819FAD2F-62D5-3AE7-B91E-495FC66C9570} = {819FAD2F-62D5-3AE7-B91E-495FC66C9570}
		{9FB21132-8221-375F-A723-0A9B3B3407D8} = {9FB21132-8221-375F-A723-0A9B3B3407D8}
		{9D7872D2-44FB-3E21-921E-FA3273D5D880} = {9D7872D2-44FB-3E21-921E-FA3273D5D880}
		{F951EC0E-031D-3E91-8E6A-A42786E7B0CE} = {F951EC0E-031D-3E91-8E6A-A42786E7B0CE}
	EndProjectSection
EndProject
Project("{8BC9CEB8-8B4A-11D0-8D11-00A0C91BC942}") = "tutorial18_billboards", "tutorial18_billboards.vcxproj", "{5ADFCB31-6A09-3380-BB7F-D37A21623987}"
	ProjectSection(ProjectDependencies) = postProject
		{9FB21132-8221-375F-A723-0A9B3B3407D8} = {9FB21132-8221-375F-A723-0A9B3B3407D8}
		{9D7872D2-44FB-3E21-921E-FA3273D5D880} = {9D7872D2-44FB-3E21-921E-FA3273D5D880}
		{F951EC0E-031D-3E91-8E6A-A42786E7B0CE} = {F951EC0E-031D-3E91-8E6A-A42786E7B0CE}
	EndProjectSection
EndProject
Project("{8BC9CEB8-8B4A-11D0-8D11-00A0C91BC942}") = "tutorial18_particles", "tutorial18_particles.vcxproj", "{007B711F-925F-33C0-AFBF-689807AE1ECD}"
	ProjectSection(ProjectDependencies) = postProject
		{9FB21132-8221-375F-A723-0A9B3B3407D8} = {9FB21132-8221-375F-A723-0A9B3B3407D8}
		{9D7872D2-44FB-3E21-921E-FA3273D5D880} = {9D7872D2-44FB-3E21-921E-FA3273D5D880}
		{F951EC0E-031D-3E91-8E6A-A42786E7B0CE} = {F951EC0E-031D-3E91-8E6A-A42786E7B0CE}
	EndProjectSection
EndProject
Project("{8BC9CEB8-8B4A-11D0-8D11-00A0C91BC942}") = "zlib", "external\assimp-3.0.1270\contrib\zlib\zlib.vcxproj", "{45FD057E-467E-3F62-8724-29B63F34D5F5}"
	ProjectSection(ProjectDependencies) = postProject
		{9D7872D2-44FB-3E21-921E-FA3273D5D880} = {9D7872D2-44FB-3E21-921E-FA3273D5D880}
	EndProjectSection
EndProject
Global
	GlobalSection(SolutionConfigurationPlatforms) = preSolution
		Debug|Win32 = Debug|Win32
		Release|Win32 = Release|Win32
		MinSizeRel|Win32 = MinSizeRel|Win32
		RelWithDebInfo|Win32 = RelWithDebInfo|Win32
	EndGlobalSection
	GlobalSection(ProjectConfigurationPlatforms) = postSolution
		{AFA8C6FE-5CCC-38CD-9DFF-DB614586B30B}.Debug|Win32.ActiveCfg = Debug|Win32
		{AFA8C6FE-5CCC-38CD-9DFF-DB614586B30B}.Debug|Win32.Build.0 = Debug|Win32
		{AFA8C6FE-5CCC-38CD-9DFF-DB614586B30B}.Release|Win32.ActiveCfg = Release|Win32
		{AFA8C6FE-5CCC-38CD-9DFF-DB614586B30B}.Release|Win32.Build.0 = Release|Win32
		{AFA8C6FE-5CCC-38CD-9DFF-DB614586B30B}.MinSizeRel|Win32.ActiveCfg = MinSizeRel|Win32
		{AFA8C6FE-5CCC-38CD-9DFF-DB614586B30B}.MinSizeRel|Win32.Build.0 = MinSizeRel|Win32
		{AFA8C6FE-5CCC-38CD-9DFF-DB614586B30B}.RelWithDebInfo|Win32.ActiveCfg = RelWithDebInfo|Win32
		{AFA8C6FE-5CCC-38CD-9DFF-DB614586B30B}.RelWithDebInfo|Win32.Build.0 = RelWithDebInfo|Win32
		{819FAD2F-62D5-3AE7-B91E-495FC66C9570}.Debug|Win32.ActiveCfg = Debug|Win32
		{819FAD2F-62D5-3AE7-B91E-495FC66C9570}.Debug|Win32.Build.0 = Debug|Win32
		{819FAD2F-62D5-3AE7-B91E-495FC66C9570}.Release|Win32.ActiveCfg = Release|Win32
		{819FAD2F-62D5-3AE7-B91E-495FC66C9570}.Release|Win32.Build.0 = Release|Win32
		{819FAD2F-62D5-3AE7-B91E-495FC66C9570}.MinSizeRel|Win32.ActiveCfg = MinSizeRel|Win32
		{819FAD2F-62D5-3AE7-B91E-495FC66C9570}.MinSizeRel|Win32.Build.0 = MinSizeRel|Win32
		{819FAD2F-62D5-3AE7-B91E-495FC66C9570}.RelWithDebInfo|Win32.ActiveCfg = RelWithDebInfo|Win32
		{819FAD2F-62D5-3AE7-B91E-495FC66C9570}.RelWithDebInfo|Win32.Build.0 = RelWithDebInfo|Win32
		{EADE7E61-11D5-39E9-8BC3-CDFCADC21C26}.Debug|Win32.ActiveCfg = Debug|Win32
		{EADE7E61-11D5-39E9-8BC3-CDFCADC21C26}.Debug|Win32.Build.0 = Debug|Win32
		{EADE7E61-11D5-39E9-8BC3-CDFCADC21C26}.Release|Win32.ActiveCfg = Release|Win32
		{EADE7E61-11D5-39E9-8BC3-CDFCADC21C26}.Release|Win32.Build.0 = Release|Win32
		{EADE7E61-11D5-39E9-8BC3-CDFCADC21C26}.MinSizeRel|Win32.ActiveCfg = MinSizeRel|Win32
		{EADE7E61-11D5-39E9-8BC3-CDFCADC21C26}.MinSizeRel|Win32.Build.0 = MinSizeRel|Win32
		{EADE7E61-11D5-39E9-8BC3-CDFCADC21C26}.RelWithDebInfo|Win32.ActiveCfg = RelWithDebInfo|Win32
		{EADE7E61-11D5-39E9-8BC3-CDFCADC21C26}.RelWithDebInfo|Win32.Build.0 = RelWithDebInfo|Win32
		{AF22B949-B9F8-3211-8E34-38E140016F18}.Debug|Win32.ActiveCfg = Debug|Win32
		{AF22B949-B9F8-3211-8E34-38E140016F18}.Debug|Win32.Build.0 = Debug|Win32
		{AF22B949-B9F8-3211-8E34-38E140016F18}.Release|Win32.ActiveCfg = Release|Win32
		{AF22B949-B9F8-3211-8E34-38E140016F18}.Release|Win32.Build.0 = Release|Win32
		{AF22B949-B9F8-3211-8E34-38E140016F18}.MinSizeRel|Win32.ActiveCfg = MinSizeRel|Win32
		{AF22B949-B9F8-3211-8E34-38E140016F18}.MinSizeRel|Win32.Build.0 = MinSizeRel|Win32
		{AF22B949-B9F8-3211-8E34-38E140016F18}.RelWithDebInfo|Win32.ActiveCfg = RelWithDebInfo|Win32
		{AF22B949-B9F8-3211-8E34-38E140016F18}.RelWithDebInfo|Win32.Build.0 = RelWithDebInfo|Win32
		{F819017B-9DDA-3E29-B285-20C608151A1F}.Debug|Win32.ActiveCfg = Debug|Win32
		{F819017B-9DDA-3E29-B285-20C608151A1F}.Debug|Win32.Build.0 = Debug|Win32
		{F819017B-9DDA-3E29-B285-20C608151A1F}.Release|Win32.ActiveCfg = Release|Win32
		{F819017B-9DDA-3E29-B285-20C608151A1F}.Release|Win32.Build.0 = Release|Win32
		{F819017B-9DDA-3E29-B285-20C608151A1F}.MinSizeRel|Win32.ActiveCfg = MinSizeRel|Win32
		{F819017B-9DDA-3E29-B285-20C608151A1F}.MinSizeRel|Win32.Build.0 = MinSizeRel|Win32
		{F819017B-9DDA-3E29-B285-20C608151A1F}.RelWithDebInfo|Win32.ActiveCfg = RelWithDebInfo|Win32
		{F819017B-9DDA-3E29-B285-20C608151A1F}.RelWithDebInfo|Win32.Build.0 = RelWithDebInfo|Win32
		{9FB21132-8221-375F-A723-0A9B3B3407D8}.Debug|Win32.ActiveCfg = Debug|Win32
		{9FB21132-8221-375F-A723-0A9B3B3407D8}.Debug|Win32.Build.0 = Debug|Win32
		{9FB21132-8221-375F-A723-0A9B3B3407D8}.Release|Win32.ActiveCfg = Release|Win32
		{9FB21132-8221-375F-A723-0A9B3B3407D8}.Release|Win32.Build.0 = Release|Win32
		{9FB21132-8221-375F-A723-0A9B3B3407D8}.MinSizeRel|Win32.ActiveCfg = MinSizeRel|Win32
		{9FB21132-8221-375F-A723-0A9B3B3407D8}.MinSizeRel|Win32.Build.0 = MinSizeRel|Win32
		{9FB21132-8221-375F-A723-0A9B3B3407D8}.RelWithDebInfo|Win32.ActiveCfg = RelWithDebInfo|Win32
		{9FB21132-8221-375F-A723-0A9B3B3407D8}.RelWithDebInfo|Win32.Build.0 = RelWithDebInfo|Win32
		{8A2DEE31-A691-3213-8C94-E11D85A6519F}.Debug|Win32.ActiveCfg = Debug|Win32
		{8A2DEE31-A691-3213-8C94-E11D85A6519F}.Release|Win32.ActiveCfg = Release|Win32
		{8A2DEE31-A691-3213-8C94-E11D85A6519F}.MinSizeRel|Win32.ActiveCfg = MinSizeRel|Win32
		{8A2DEE31-A691-3213-8C94-E11D85A6519F}.RelWithDebInfo|Win32.ActiveCfg = RelWithDebInfo|Win32
		{E63E3E9B-1650-3D87-8E76-16B495DA833A}.Debug|Win32.ActiveCfg = Debug|Win32
		{E63E3E9B-1650-3D87-8E76-16B495DA833A}.Debug|Win32.Build.0 = Debug|Win32
		{E63E3E9B-1650-3D87-8E76-16B495DA833A}.Release|Win32.ActiveCfg = Release|Win32
		{E63E3E9B-1650-3D87-8E76-16B495DA833A}.Release|Win32.Build.0 = Release|Win32
		{E63E3E9B-1650-3D87-8E76-16B495DA833A}.MinSizeRel|Win32.ActiveCfg = MinSizeRel|Win32
		{E63E3E9B-1650-3D87-8E76-16B495DA833A}.MinSizeRel|Win32.Build.0 = MinSizeRel|Win32
		{E63E3E9B-1650-3D87-8E76-16B495DA833A}.RelWithDebInfo|Win32.ActiveCfg = RelWithDebInfo|Win32
		{E63E3E9B-1650-3D87-8E76-16B495DA833A}.RelWithDebInfo|Win32.Build.0 = RelWithDebInfo|Win32
		{9D7872D2-44FB-3E21-921E-FA3273D5D880}.Debug|Win32.ActiveCfg = Debug|Win32
		{9D7872D2-44FB-3E21-921E-FA3273D5D880}.Debug|Win32.Build.0 = Debug|Win32
		{9D7872D2-44FB-3E21-921E-FA3273D5D880}.Release|Win32.ActiveCfg = Release|Win32
		{9D7872D2-44FB-3E21-921E-FA3273D5D880}.Release|Win32.Build.0 = Release|Win32
		{9D7872D2-44FB-3E21-921E-FA3273D5D880}.MinSizeRel|Win32.ActiveCfg = MinSizeRel|Win32
		{9D7872D2-44FB-3E21-921E-FA3273D5D880}.MinSizeRel|Win32.Build.0 = MinSizeRel|Win32
		{9D7872D2-44FB-3E21-921E-FA3273D5D880}.RelWithDebInfo|Win32.ActiveCfg = RelWithDebInfo|Win32
		{9D7872D2-44FB-3E21-921E-FA3273D5D880}.RelWithDebInfo|Win32.Build.0 = RelWithDebInfo|Win32
		{BFAAA12E-74CA-3D2B-B7BA-F3B41759E919}.Debug|Win32.ActiveCfg = Debug|Win32
		{BFAAA12E-74CA-3D2B-B7BA-F3B41759E919}.Debug|Win32.Build.0 = Debug|Win32
		{BFAAA12E-74CA-3D2B-B7BA-F3B41759E919}.Release|Win32.ActiveCfg = Release|Win32
		{BFAAA12E-74CA-3D2B-B7BA-F3B41759E919}.Release|Win32.Build.0 = Release|Win32
		{BFAAA12E-74CA-3D2B-B7BA-F3B41759E919}.MinSizeRel|Win32.ActiveCfg = MinSizeRel|Win32
		{BFAAA12E-74CA-3D2B-B7BA-F3B41759E919}.MinSizeRel|Win32.Build.0 = MinSizeRel|Win32
		{BFAAA12E-74CA-3D2B-B7BA-F3B41759E919}.RelWithDebInfo|Win32.ActiveCfg = RelWithDebInfo|Win32
		{BFAAA12E-74CA-3D2B-B7BA-F3B41759E919}.RelWithDebInfo|Win32.Build.0 = RelWithDebInfo|Win32
		{F951EC0E-031D-3E91-8E6A-A42786E7B0CE}.Debug|Win32.ActiveCfg = Debug|Win32
		{F951EC0E-031D-3E91-8E6A-A42786E7B0CE}.Debug|Win32.Build.0 = Debug|Win32
		{F951EC0E-031D-3E91-8E6A-A42786E7B0CE}.Release|Win32.ActiveCfg = Release|Win32
		{F951EC0E-031D-3E91-8E6A-A42786E7B0CE}.Release|Win32.Build.0 = Release|Win32
		{F951EC0E-031D-3E91-8E6A-A42786E7B0CE}.MinSizeRel|Win32.ActiveCfg = MinSizeRel|Win32
		{F951EC0E-031D-3E91-8E6A-A42786E7B0CE}.MinSizeRel|Win32.Build.0 = MinSizeRel|Win32
		{F951EC0E-031D-3E91-8E6A-A42786E7B0CE}.RelWithDebInfo|Win32.ActiveCfg = RelWithDebInfo|Win32
		{F951EC0E-031D-3E91-8E6A-A42786E7B0CE}.RelWithDebInfo|Win32.Build.0 = RelWithDebInfo|Win32
		{27DE60C8-287D-3EAB-A942-FB23966B4888}.Debug|Win32.ActiveCfg = Debug|Win32
		{27DE60C8-287D-3EAB-A942-FB23966B4888}.Debug|Win32.Build.0 = Debug|Win32
		{27DE60C8-287D-3EAB-A942-FB23966B4888}.Release|Win32.ActiveCfg = Release|Win32
		{27DE60C8-287D-3EAB-A942-FB23966B4888}.Release|Win32.Build.0 = Release|Win32
		{27DE60C8-287D-3EAB-A942-FB23966B4888}.MinSizeRel|Win32.ActiveCfg = MinSizeRel|Win32
		{27DE60C8-287D-3EAB-A942-FB23966B4888}.MinSizeRel|Win32.Build.0 = MinSizeRel|Win32
		{27DE60C8-287D-3EAB-A942-FB23966B4888}.RelWithDebInfo|Win32.ActiveCfg = RelWithDebInfo|Win32
		{27DE60C8-287D-3EAB-A942-FB23966B4888}.RelWithDebInfo|Win32.Build.0 = RelWithDebInfo|Win32
		{119C7F92-91C4-3238-8715-936B08C1E7BB}.Debug|Win32.ActiveCfg = Debug|Win32
		{119C7F92-91C4-3238-8715-936B08C1E7BB}.Debug|Win32.Build.0 = Debug|Win32
		{119C7F92-91C4-3238-8715-936B08C1E7BB}.Release|Win32.ActiveCfg = Release|Win32
		{119C7F92-91C4-3238-8715-936B08C1E7BB}.Release|Win32.Build.0 = Release|Win32
		{119C7F92-91C4-3238-8715-936B08C1E7BB}.MinSizeRel|Win32.ActiveCfg = MinSizeRel|Win32
		{119C7F92-91C4-3238-8715-936B08C1E7BB}.MinSizeRel|Win32.Build.0 = MinSizeRel|Win32
		{119C7F92-91C4-3238-8715-936B08C1E7BB}.RelWithDebInfo|Win32.ActiveCfg = RelWithDebInfo|Win32
		{119C7F92-91C4-3238-8715-936B08C1E7BB}.RelWithDebInfo|Win32.Build.0 = RelWithDebInfo|Win32
		{4A60C06C-40BC-30B5-AF02-39702376ED78}.Debug|Win32.ActiveCfg = Debug|Win32
		{4A60C06C-40BC-30B5-AF02-39702376ED78}.Debug|Win32.Build.0 = Debug|Win32
		{4A60C06C-40BC-30B5-AF02-39702376ED78}.Release|Win32.ActiveCfg = Release|Win32
		{4A60C06C-40BC-30B5-AF02-39702376ED78}.Release|Win32.Build.0 = Release|Win32
		{4A60C06C-40BC-30B5-AF02-39702376ED78}.MinSizeRel|Win32.ActiveCfg = MinSizeRel|Win32
		{4A60C06C-40BC-30B5-AF02-39702376ED78}.MinSizeRel|Win32.Build.0 = MinSizeRel|Win32
		{4A60C06C-40BC-30B5-AF02-39702376ED78}.RelWithDebInfo|Win32.ActiveCfg = RelWithDebInfo|Win32
		{4A60C06C-40BC-30B5-AF02-39702376ED78}.RelWithDebInfo|Win32.Build.0 = RelWithDebInfo|Win32
		{739FD0CB-14C7-3332-BF85-638F5C019778}.Debug|Win32.ActiveCfg = Debug|Win32
		{739FD0CB-14C7-3332-BF85-638F5C019778}.Debug|Win32.Build.0 = Debug|Win32
		{739FD0CB-14C7-3332-BF85-638F5C019778}.Release|Win32.ActiveCfg = Release|Win32
		{739FD0CB-14C7-3332-BF85-638F5C019778}.Release|Win32.Build.0 = Release|Win32
		{739FD0CB-14C7-3332-BF85-638F5C019778}.MinSizeRel|Win32.ActiveCfg = MinSizeRel|Win32
		{739FD0CB-14C7-3332-BF85-638F5C019778}.MinSizeRel|Win32.Build.0 = MinSizeRel|Win32
		{739FD0CB-14C7-3332-BF85-638F5C019778}.RelWithDebInfo|Win32.ActiveCfg = RelWithDebInfo|Win32
		{739FD0CB-14C7-3332-BF85-638F5C019778}.RelWithDebInfo|Win32.Build.0 = RelWithDebInfo|Win32
		{DB8281AE-5F2C-3F50-8193-6F24242C4923}.Debug|Win32.ActiveCfg = Debug|Win32
		{DB8281AE-5F2C-3F50-8193-6F24242C4923}.Debug|Win32.Build.0 = Debug|Win32
		{DB8281AE-5F2C-3F50-8193-6F24242C4923}.Release|Win32.ActiveCfg = Release|Win32
		{DB8281AE-5F2C-3F50-8193-6F24242C4923}.Release|Win32.Build.0 = Release|Win32
		{DB8281AE-5F2C-3F50-8193-6F24242C4923}.MinSizeRel|Win32.ActiveCfg = MinSizeRel|Win32
		{DB8281AE-5F2C-3F50-8193-6F24242C4923}.MinSizeRel|Win32.Build.0 = MinSizeRel|Win32
		{DB8281AE-5F2C-3F50-8193-6F24242C4923}.RelWithDebInfo|Win32.ActiveCfg = RelWithDebInfo|Win32
		{DB8281AE-5F2C-3F50-8193-6F24242C4923}.RelWithDebInfo|Win32.Build.0 = RelWithDebInfo|Win32
		{6D56ACA5-752F-343D-AD02-E95231819052}.Debug|Win32.ActiveCfg = Debug|Win32
		{6D56ACA5-752F-343D-AD02-E95231819052}.Debug|Win32.Build.0 = Debug|Win32
		{6D56ACA5-752F-343D-AD02-E95231819052}.Release|Win32.ActiveCfg = Release|Win32
		{6D56ACA5-752F-343D-AD02-E95231819052}.Release|Win32.Build.0 = Release|Win32
		{6D56ACA5-752F-343D-AD02-E95231819052}.MinSizeRel|Win32.ActiveCfg = MinSizeRel|Win32
		{6D56ACA5-752F-343D-AD02-E95231819052}.MinSizeRel|Win32.Build.0 = MinSizeRel|Win32
		{6D56ACA5-752F-343D-AD02-E95231819052}.RelWithDebInfo|Win32.ActiveCfg = RelWithDebInfo|Win32
		{6D56ACA5-752F-343D-AD02-E95231819052}.RelWithDebInfo|Win32.Build.0 = RelWithDebInfo|Win32
		{A0229EA8-CB2B-349B-9072-6CE750F1F70E}.Debug|Win32.ActiveCfg = Debug|Win32
		{A0229EA8-CB2B-349B-9072-6CE750F1F70E}.Debug|Win32.Build.0 = Debug|Win32
		{A0229EA8-CB2B-349B-9072-6CE750F1F70E}.Release|Win32.ActiveCfg = Release|Win32
		{A0229EA8-CB2B-349B-9072-6CE750F1F70E}.Release|Win32.Build.0 = Release|Win32
		{A0229EA8-CB2B-349B-9072-6CE750F1F70E}.MinSizeRel|Win32.ActiveCfg = MinSizeRel|Win32
		{A0229EA8-CB2B-349B-9072-6CE750F1F70E}.MinSizeRel|Win32.Build.0 = MinSizeRel|Win32
		{A0229EA8-CB2B-349B-9072-6CE750F1F70E}.RelWithDebInfo|Win32.ActiveCfg = RelWithDebInfo|Win32
		{A0229EA8-CB2B-349B-9072-6CE750F1F70E}.RelWithDebInfo|Win32.Build.0 = RelWithDebInfo|Win32
		{149B61C8-CD19-37FC-B9D3-D0BBBBECDF7C}.Debug|Win32.ActiveCfg = Debug|Win32
		{149B61C8-CD19-37FC-B9D3-D0BBBBECDF7C}.Debug|Win32.Build.0 = Debug|Win32
		{149B61C8-CD19-37FC-B9D3-D0BBBBECDF7C}.Release|Win32.ActiveCfg = Release|Win32
		{149B61C8-CD19-37FC-B9D3-D0BBBBECDF7C}.Release|Win32.Build.0 = Release|Win32
		{149B61C8-CD19-37FC-B9D3-D0BBBBECDF7C}.MinSizeRel|Win32.ActiveCfg = MinSizeRel|Win32
		{149B61C8-CD19-37FC-B9D3-D0BBBBECDF7C}.MinSizeRel|Win32.Build.0 = MinSizeRel|Win32
		{149B61C8-CD19-37FC-B9D3-D0BBBBECDF7C}.RelWithDebInfo|Win32.ActiveCfg = RelWithDebInfo|Win32
		{149B61C8-CD19-37FC-B9D3-D0BBBBECDF7C}.RelWithDebInfo|Win32.Build.0 = RelWithDebInfo|Win32
		{9F9E0F51-BDA2-3382-BF70-1D88E3A11692}.Debug|Win32.ActiveCfg = Debug|Win32
		{9F9E0F51-BDA2-3382-BF70-1D88E3A11692}.Debug|Win32.Build.0 = Debug|Win32
		{9F9E0F51-BDA2-3382-BF70-1D88E3A11692}.Release|Win32.ActiveCfg = Release|Win32
		{9F9E0F51-BDA2-3382-BF70-1D88E3A11692}.Release|Win32.Build.0 = Release|Win32
		{9F9E0F51-BDA2-3382-BF70-1D88E3A11692}.MinSizeRel|Win32.ActiveCfg = MinSizeRel|Win32
		{9F9E0F51-BDA2-3382-BF70-1D88E3A11692}.MinSizeRel|Win32.Build.0 = MinSizeRel|Win32
		{9F9E0F51-BDA2-3382-BF70-1D88E3A11692}.RelWithDebInfo|Win32.ActiveCfg = RelWithDebInfo|Win32
		{9F9E0F51-BDA2-3382-BF70-1D88E3A11692}.RelWithDebInfo|Win32.Build.0 = RelWithDebInfo|Win32
		{9CEEE149-49AB-3AA1-A0DC-C08921CEE800}.Debug|Win32.ActiveCfg = Debug|Win32
		{9CEEE149-49AB-3AA1-A0DC-C08921CEE800}.Debug|Win32.Build.0 = Debug|Win32
		{9CEEE149-49AB-3AA1-A0DC-C08921CEE800}.Release|Win32.ActiveCfg = Release|Win32
		{9CEEE149-49AB-3AA1-A0DC-C08921CEE800}.Release|Win32.Build.0 = Release|Win32
		{9CEEE149-49AB-3AA1-A0DC-C08921CEE800}.MinSizeRel|Win32.ActiveCfg = MinSizeRel|Win32
		{9CEEE149-49AB-3AA1-A0DC-C08921CEE800}.MinSizeRel|Win32.Build.0 = MinSizeRel|Win32
		{9CEEE149-49AB-3AA1-A0DC-C08921CEE800}.RelWithDebInfo|Win32.ActiveCfg = RelWithDebInfo|Win32
		{9CEEE149-49AB-3AA1-A0DC-C08921CEE800}.RelWithDebInfo|Win32.Build.0 = RelWithDebInfo|Win32
		{7A0FACE3-0DF8-34D7-B4A4-02053A8E5FC3}.Debug|Win32.ActiveCfg = Debug|Win32
		{7A0FACE3-0DF8-34D7-B4A4-02053A8E5FC3}.Debug|Win32.Build.0 = Debug|Win32
		{7A0FACE3-0DF8-34D7-B4A4-02053A8E5FC3}.Release|Win32.ActiveCfg = Release|Win32
		{7A0FACE3-0DF8-34D7-B4A4-02053A8E5FC3}.Release|Win32.Build.0 = Release|Win32
		{7A0FACE3-0DF8-34D7-B4A4-02053A8E5FC3}.MinSizeRel|Win32.ActiveCfg = MinSizeRel|Win32
		{7A0FACE3-0DF8-34D7-B4A4-02053A8E5FC3}.MinSizeRel|Win32.Build.0 = MinSizeRel|Win32
		{7A0FACE3-0DF8-34D7-B4A4-02053A8E5FC3}.RelWithDebInfo|Win32.ActiveCfg = RelWithDebInfo|Win32
		{7A0FACE3-0DF8-34D7-B4A4-02053A8E5FC3}.RelWithDebInfo|Win32.Build.0 = RelWithDebInfo|Win32
		{2AA6ECA2-EB12-3147-B330-69B085AA1758}.Debug|Win32.ActiveCfg = Debug|Win32
		{2AA6ECA2-EB12-3147-B330-69B085AA1758}.Debug|Win32.Build.0 = Debug|Win32
		{2AA6ECA2-EB12-3147-B330-69B085AA1758}.Release|Win32.ActiveCfg = Release|Win32
		{2AA6ECA2-EB12-3147-B330-69B085AA1758}.Release|Win32.Build.0 = Release|Win32
		{2AA6ECA2-EB12-3147-B330-69B085AA1758}.MinSizeRel|Win32.ActiveCfg = MinSizeRel|Win32
		{2AA6ECA2-EB12-3147-B330-69B085AA1758}.MinSizeRel|Win32.Build.0 = MinSizeRel|Win32
		{2AA6ECA2-EB12-3147-B330-69B085AA1758}.RelWithDebInfo|Win32.ActiveCfg = RelWithDebInfo|Win32
		{2AA6ECA2-EB12-3147-B330-69B085AA1758}.RelWithDebInfo|Win32.Build.0 = RelWithDebInfo|Win32
		{5A9AB20E-8F19-35AA-830F-F506EE80DB10}.Debug|Win32.ActiveCfg = Debug|Win32
		{5A9AB20E-8F19-35AA-830F-F506EE80DB10}.Debug|Win32.Build.0 = Debug|Win32
		{5A9AB20E-8F19-35AA-830F-F506EE80DB10}.Release|Win32.ActiveCfg = Release|Win32
		{5A9AB20E-8F19-35AA-830F-F506EE80DB10}.Release|Win32.Build.0 = Release|Win32
		{5A9AB20E-8F19-35AA-830F-F506EE80DB10}.MinSizeRel|Win32.ActiveCfg = MinSizeRel|Win32
		{5A9AB20E-8F19-35AA-830F-F506EE80DB10}.MinSizeRel|Win32.Build.0 = MinSizeRel|Win32
		{5A9AB20E-8F19-35AA-830F-F506EE80DB10}.RelWithDebInfo|Win32.ActiveCfg = RelWithDebInfo|Win32
		{5A9AB20E-8F19-35AA-830F-F506EE80DB10}.RelWithDebInfo|Win32.Build.0 = RelWithDebInfo|Win32
		{37673018-97CB-3957-AC02-1001805872FC}.Debug|Win32.ActiveCfg = Debug|Win32
		{37673018-97CB-3957-AC02-1001805872FC}.Debug|Win32.Build.0 = Debug|Win32
		{37673018-97CB-3957-AC02-1001805872FC}.Release|Win32.ActiveCfg = Release|Win32
		{37673018-97CB-3957-AC02-1001805872FC}.Release|Win32.Build.0 = Release|Win32
		{37673018-97CB-3957-AC02-1001805872FC}.MinSizeRel|Win32.ActiveCfg = MinSizeRel|Win32
		{37673018-97CB-3957-AC02-1001805872FC}.MinSizeRel|Win32.Build.0 = MinSizeRel|Win32
		{37673018-97CB-3957-AC02-1001805872FC}.RelWithDebInfo|Win32.ActiveCfg = RelWithDebInfo|Win32
		{37673018-97CB-3957-AC02-1001805872FC}.RelWithDebInfo|Win32.Build.0 = RelWithDebInfo|Win32
		{38A679DA-550D-3CC6-87DA-799D1B923753}.Debug|Win32.ActiveCfg = Debug|Win32
		{38A679DA-550D-3CC6-87DA-799D1B923753}.Debug|Win32.Build.0 = Debug|Win32
		{38A679DA-550D-3CC6-87DA-799D1B923753}.Release|Win32.ActiveCfg = Release|Win32
		{38A679DA-550D-3CC6-87DA-799D1B923753}.Release|Win32.Build.0 = Release|Win32
		{38A679DA-550D-3CC6-87DA-799D1B923753}.MinSizeRel|Win32.ActiveCfg = MinSizeRel|Win32
		{38A679DA-550D-3CC6-87DA-799D1B923753}.MinSizeRel|Win32.Build.0 = MinSizeRel|Win32
		{38A679DA-550D-3CC6-87DA-799D1B923753}.RelWithDebInfo|Win32.ActiveCfg = RelWithDebInfo|Win32
		{38A679DA-550D-3CC6-87DA-799D1B923753}.RelWithDebInfo|Win32.Build.0 = RelWithDebInfo|Win32
		{F5CC1D7D-3D73-3D8C-96B0-2A28724E37F6}.Debug|Win32.ActiveCfg = Debug|Win32
		{F5CC1D7D-3D73-3D8C-96B0-2A28724E37F6}.Debug|Win32.Build.0 = Debug|Win32
		{F5CC1D7D-3D73-3D8C-96B0-2A28724E37F6}.Release|Win32.ActiveCfg = Release|Win32
		{F5CC1D7D-3D73-3D8C-96B0-2A28724E37F6}.Release|Win32.Build.0 = Release|Win32
		{F5CC1D7D-3D73-3D8C-96B0-2A28724E37F6}.MinSizeRel|Win32.ActiveCfg = MinSizeRel|Win32
		{F5CC1D7D-3D73-3D8C-96B0-2A28724E37F6}.MinSizeRel|Win32.Build.0 = MinSizeRel|Win32
		{F5CC1D7D-3D73-3D8C-96B0-2A28724E37F6}.RelWithDebInfo|Win32.ActiveCfg = RelWithDebInfo|Win32
		{F5CC1D7D-3D73-3D8C-96B0-2A28724E37F6}.RelWithDebInfo|Win32.Build.0 = RelWithDebInfo|Win32
		{30F613DD-B892-317F-ADA1-0B747C911FC1}.Debug|Win32.ActiveCfg = Debug|Win32
		{30F613DD-B892-317F-ADA1-0B747C911FC1}.Debug|Win32.Build.0 = Debug|Win32
		{30F613DD-B892-317F-ADA1-0B747C911FC1}.Release|Win32.ActiveCfg = Release|Win32
		{30F613DD-B892-317F-ADA1-0B747C911FC1}.Release|Win32.Build.0 = Release|Win32
		{30F613DD-B892-317F-ADA1-0B747C911FC1}.MinSizeRel|Win32.ActiveCfg = MinSizeRel|Win32
		{30F613DD-B892-317F-ADA1-0B747C911FC1}.MinSizeRel|Win32.Build.0 = MinSizeRel|Win32
		{30F613DD-B892-317F-ADA1-0B747C911FC1}.RelWithDebInfo|Win32.ActiveCfg = RelWithDebInfo|Win32
		{30F613DD-B892-317F-ADA1-0B747C911FC1}.RelWithDebInfo|Win32.Build.0 = RelWithDebInfo|Win32
		{A0C97740-FBD3-3088-9FB5-A6631E1B74AB}.Debug|Win32.ActiveCfg = Debug|Win32
		{A0C97740-FBD3-3088-9FB5-A6631E1B74AB}.Debug|Win32.Build.0 = Debug|Win32
		{A0C97740-FBD3-3088-9FB5-A6631E1B74AB}.Release|Win32.ActiveCfg = Release|Win32
		{A0C97740-FBD3-3088-9FB5-A6631E1B74AB}.Release|Win32.Build.0 = Release|Win32
		{A0C97740-FBD3-3088-9FB5-A6631E1B74AB}.MinSizeRel|Win32.ActiveCfg = MinSizeRel|Win32
		{A0C97740-FBD3-3088-9FB5-A6631E1B74AB}.MinSizeRel|Win32.Build.0 = MinSizeRel|Win32
		{A0C97740-FBD3-3088-9FB5-A6631E1B74AB}.RelWithDebInfo|Win32.ActiveCfg = RelWithDebInfo|Win32
		{A0C97740-FBD3-3088-9FB5-A6631E1B74AB}.RelWithDebInfo|Win32.Build.0 = RelWithDebInfo|Win32
		{EA28A60E-62D6-3A9F-BFC6-0BAC6ED3B19E}.Debug|Win32.ActiveCfg = Debug|Win32
		{EA28A60E-62D6-3A9F-BFC6-0BAC6ED3B19E}.Debug|Win32.Build.0 = Debug|Win32
		{EA28A60E-62D6-3A9F-BFC6-0BAC6ED3B19E}.Release|Win32.ActiveCfg = Release|Win32
		{EA28A60E-62D6-3A9F-BFC6-0BAC6ED3B19E}.Release|Win32.Build.0 = Release|Win32
		{EA28A60E-62D6-3A9F-BFC6-0BAC6ED3B19E}.MinSizeRel|Win32.ActiveCfg = MinSizeRel|Win32
		{EA28A60E-62D6-3A9F-BFC6-0BAC6ED3B19E}.MinSizeRel|Win32.Build.0 = MinSizeRel|Win32
		{EA28A60E-62D6-3A9F-BFC6-0BAC6ED3B19E}.RelWithDebInfo|Win32.ActiveCfg = RelWithDebInfo|Win32
		{EA28A60E-62D6-3A9F-BFC6-0BAC6ED3B19E}.RelWithDebInfo|Win32.Build.0 = RelWithDebInfo|Win32
		{BBD7F500-37EE-33C6-987C-27382CA76FDD}.Debug|Win32.ActiveCfg = Debug|Win32
		{BBD7F500-37EE-33C6-987C-27382CA76FDD}.Debug|Win32.Build.0 = Debug|Win32
		{BBD7F500-37EE-33C6-987C-27382CA76FDD}.Release|Win32.ActiveCfg = Release|Win32
		{BBD7F500-37EE-33C6-987C-27382CA76FDD}.Release|Win32.Build.0 = Release|Win32
		{BBD7F500-37EE-33C6-987C-27382CA76FDD}.MinSizeRel|Win32.ActiveCfg = MinSizeRel|Win32
		{BBD7F500-37EE-33C6-987C-27382CA76FDD}.MinSizeRel|Win32.Build.0 = MinSizeRel|Win32
		{BBD7F500-37EE-33C6-987C-27382CA76FDD}.RelWithDebInfo|Win32.ActiveCfg = RelWithDebInfo|Win32
		{BBD7F500-37EE-33C6-987C-27382CA76FDD}.RelWithDebInfo|Win32.Build.0 = RelWithDebInfo|Win32
		{DFF380BD-FBAF-3CE5-BBA6-6B6F28D59263}.Debug|Win32.ActiveCfg = Debug|Win32
		{DFF380BD-FBAF-3CE5-BBA6-6B6F28D59263}.Debug|Win32.Build.0 = Debug|Win32
		{DFF380BD-FBAF-3CE5-BBA6-6B6F28D59263}.Release|Win32.ActiveCfg = Release|Win32
		{DFF380BD-FBAF-3CE5-BBA6-6B6F28D59263}.Release|Win32.Build.0 = Release|Win32
		{DFF380BD-FBAF-3CE5-BBA6-6B6F28D59263}.MinSizeRel|Win32.ActiveCfg = MinSizeRel|Win32
		{DFF380BD-FBAF-3CE5-BBA6-6B6F28D59263}.MinSizeRel|Win32.Build.0 = MinSizeRel|Win32
		{DFF380BD-FBAF-3CE5-BBA6-6B6F28D59263}.RelWithDebInfo|Win32.ActiveCfg = RelWithDebInfo|Win32
		{DFF380BD-FBAF-3CE5-BBA6-6B6F28D59263}.RelWithDebInfo|Win32.Build.0 = RelWithDebInfo|Win32
		{CA4961C1-BF66-3765-A294-66A16BE4D582}.Debug|Win32.ActiveCfg = Debug|Win32
		{CA4961C1-BF66-3765-A294-66A16BE4D582}.Debug|Win32.Build.0 = Debug|Win32
		{CA4961C1-BF66-3765-A294-66A16BE4D582}.Release|Win32.ActiveCfg = Release|Win32
		{CA4961C1-BF66-3765-A294-66A16BE4D582}.Release|Win32.Build.0 = Release|Win32
		{CA4961C1-BF66-3765-A294-66A16BE4D582}.MinSizeRel|Win32.ActiveCfg = MinSizeRel|Win32
		{CA4961C1-BF66-3765-A294-66A16BE4D582}.MinSizeRel|Win32.Build.0 = MinSizeRel|Win32
		{CA4961C1-BF66-3765-A294-66A16BE4D582}.RelWithDebInfo|Win32.ActiveCfg = RelWithDebInfo|Win32
		{CA4961C1-BF66-3765-A294-66A16BE4D582}.RelWithDebInfo|Win32.Build.0 = RelWithDebInfo|Win32
		{A0C2F849-EAA0-3887-8863-5451D8B8DEFF}.Debug|Win32.ActiveCfg = Debug|Win32
		{A0C2F849-EAA0-3887-8863-5451D8B8DEFF}.Debug|Win32.Build.0 = Debug|Win32
		{A0C2F849-EAA0-3887-8863-5451D8B8DEFF}.Release|Win32.ActiveCfg = Release|Win32
		{A0C2F849-EAA0-3887-8863-5451D8B8DEFF}.Release|Win32.Build.0 = Release|Win32
		{A0C2F849-EAA0-3887-8863-5451D8B8DEFF}.MinSizeRel|Win32.ActiveCfg = MinSizeRel|Win32
		{A0C2F849-EAA0-3887-8863-5451D8B8DEFF}.MinSizeRel|Win32.Build.0 = MinSizeRel|Win32
		{A0C2F849-EAA0-3887-8863-5451D8B8DEFF}.RelWithDebInfo|Win32.ActiveCfg = RelWithDebInfo|Win32
		{A0C2F849-EAA0-3887-8863-5451D8B8DEFF}.RelWithDebInfo|Win32.Build.0 = RelWithDebInfo|Win32
		{21E6B54F-FE0A-3AE2-9D74-6F7A7F7A40D9}.Debug|Win32.ActiveCfg = Debug|Win32
		{21E6B54F-FE0A-3AE2-9D74-6F7A7F7A40D9}.Debug|Win32.Build.0 = Debug|Win32
		{21E6B54F-FE0A-3AE2-9D74-6F7A7F7A40D9}.Release|Win32.ActiveCfg = Release|Win32
		{21E6B54F-FE0A-3AE2-9D74-6F7A7F7A40D9}.Release|Win32.Build.0 = Release|Win32
		{21E6B54F-FE0A-3AE2-9D74-6F7A7F7A40D9}.MinSizeRel|Win32.ActiveCfg = MinSizeRel|Win32
		{21E6B54F-FE0A-3AE2-9D74-6F7A7F7A40D9}.MinSizeRel|Win32.Build.0 = MinSizeRel|Win32
		{21E6B54F-FE0A-3AE2-9D74-6F7A7F7A40D9}.RelWithDebInfo|Win32.ActiveCfg = RelWithDebInfo|Win32
		{21E6B54F-FE0A-3AE2-9D74-6F7A7F7A40D9}.RelWithDebInfo|Win32.Build.0 = RelWithDebInfo|Win32
		{5ADFCB31-6A09-3380-BB7F-D37A21623987}.Debug|Win32.ActiveCfg = Debug|Win32
		{5ADFCB31-6A09-3380-BB7F-D37A21623987}.Debug|Win32.Build.0 = Debug|Win32
		{5ADFCB31-6A09-3380-BB7F-D37A21623987}.Release|Win32.ActiveCfg = Release|Win32
		{5ADFCB31-6A09-3380-BB7F-D37A21623987}.Release|Win32.Build.0 = Release|Win32
		{5ADFCB31-6A09-3380-BB7F-D37A21623987}.MinSizeRel|Win32.ActiveCfg = MinSizeRel|Win32
		{5ADFCB31-6A09-3380-BB7F-D37A21623987}.MinSizeRel|Win32.Build.0 = MinSizeRel|Win32
		{5ADFCB31-6A09-3380-BB7F-D37A21623987}.RelWithDebInfo|Win32.ActiveCfg = RelWithDebInfo|Win32
		{5ADFCB31-6A09-3380-BB7F-D37A21623987}.RelWithDebInfo|Win32.Build.0 = RelWithDebInfo|Win32
		{007B711F-925F-33C0-AFBF-689807AE1ECD}.Debug|Win32.ActiveCfg = Debug|Win32
		{007B711F-925F-33C0-AFBF-689807AE1ECD}.Debug|Win32.Build.0 = Debug|Win32
		{007B711F-925F-33C0-AFBF-689807AE1ECD}.Release|Win32.ActiveCfg = Release|Win32
		{007B711F-925F-33C0-AFBF-689807AE1ECD}.Release|Win32.Build.0 = Release|Win32
		{007B711F-925F-33C0-AFBF-689807AE1ECD}.MinSizeRel|Win32.ActiveCfg = MinSizeRel|Win32
		{007B711F-925F-33C0-AFBF-689807AE1ECD}.MinSizeRel|Win32.Build.0 = MinSizeRel|Win32
		{007B711F-925F-33C0-AFBF-689807AE1ECD}.RelWithDebInfo|Win32.ActiveCfg = RelWithDebInfo|Win32
		{007B711F-925F-33C0-AFBF-689807AE1ECD}.RelWithDebInfo|Win32.Build.0 = RelWithDebInfo|Win32
		{45FD057E-467E-3F62-8724-29B63F34D5F5}.Debug|Win32.ActiveCfg = Debug|Win32
		{45FD057E-467E-3F62-8724-29B63F34D5F5}.Debug|Win32.Build.0 = Debug|Win32
		{45FD057E-467E-3F62-8724-29B63F34D5F5}.Release|Win32.ActiveCfg = Release|Win32
		{45FD057E-467E-3F62-8724-29B63F34D5F5}.Release|Win32.Build.0 = Release|Win32
		{45FD057E-467E-3F62-8724-29B63F34D5F5}.MinSizeRel|Win32.ActiveCfg = MinSizeRel|Win32
		{45FD057E-467E-3F62-8724-29B63F34D5F5}.MinSizeRel|Win32.Build.0 = MinSizeRel|Win32
		{45FD057E-467E-3F62-8724-29B63F34D5F5}.RelWithDebInfo|Win32.ActiveCfg = RelWithDebInfo|Win32
		{45FD057E-467E-3F62-8724-29B63F34D5F5}.RelWithDebInfo|Win32.Build.0 = RelWithDebInfo|Win32
	EndGlobalSection
	GlobalSection(NestedProjects) = preSolution
		{AFA8C6FE-5CCC-38CD-9DFF-DB614586B30B} = {9058636A-9D08-3D77-9D2E-32E125C5D11F}
		{8A2DEE31-A691-3213-8C94-E11D85A6519F} = {9058636A-9D08-3D77-9D2E-32E125C5D11F}
		{9D7872D2-44FB-3E21-921E-FA3273D5D880} = {9058636A-9D08-3D77-9D2E-32E125C5D11F}
		{F951EC0E-031D-3E91-8E6A-A42786E7B0CE} = {BA18F7E0-692B-3D66-9EB7-7C7673C39A01}
	EndGlobalSection
	GlobalSection(ExtensibilityGlobals) = postSolution
		SolutionGuid = {970FC276-A46F-3D5F-B6D2-977CE0CF725D}
	EndGlobalSection
	GlobalSection(ExtensibilityAddIns) = postSolution
	EndGlobalSection
EndGlobal
